
Microsoft Visual Studio Solution File, Format Version 12.00
# Visual Studio Version 17
VisualStudioVersion = 17.3.32901.215
MinimumVisualStudioVersion = 10.0.40219.1
Project("{FAE04EC0-301F-11D3-BF4B-00C04F79EFBC}") = "щелчок", "щелчок\щелчок.csproj", "{C378D71F-E726-4171-835F-91E8E4D812EA}"
EndProject
Global
	GlobalSection(SolutionConfigurationPlatforms) = preSolution
		Debug|Any CPU = Debug|Any CPU
		Release|Any CPU = Release|Any CPU
	EndGlobalSection
	GlobalSection(ProjectConfigurationPlatforms) = postSolution
		{C378D71F-E726-4171-835F-91E8E4D812EA}.Debug|Any CPU.ActiveCfg = Debug|Any CPU
		{C378D71F-E726-4171-835F-91E8E4D812EA}.Debug|Any CPU.Build.0 = Debug|Any CPU
		{C378D71F-E726-4171-835F-91E8E4D812EA}.Release|Any CPU.ActiveCfg = Release|Any CPU
		{C378D71F-E726-4171-835F-91E8E4D812EA}.Release|Any CPU.Build.0 = Release|Any CPU
	EndGlobalSection
	GlobalSection(SolutionProperties) = preSolution
		HideSolutionNode = FALSE
	EndGlobalSection
	GlobalSection(ExtensibilityGlobals) = postSolution
		SolutionGuid = {E8A34558-1378-4ABF-BACB-A31C194517C8}
	EndGlobalSection
EndGlobal
